<?xml version="1.0" encoding="UTF-8"?>
<!DOCTYPE plist PUBLIC "-//Apple//DTD PLIST 1.0//EN" "http://www.apple.com/DTDs/PropertyList-1.0.dtd">
<plist version="1.0">
<dict>
	<key>archiveVersion</key>
	<string>1</string>
	<key>classes</key>
	<dict/>
	<key>objectVersion</key>
	<string>46</string>
	<key>objects</key>
	<dict>
		<key>028ad09a3021487e0e65b013</key>
		<dict>
			<key>fileRef</key>
			<string>afd77f7022a4a380f5edd066</string>
			<key>isa</key>
			<string>PBXBuildFile</string>
		</dict>
		<key>04f5aa7d1ad16446004c5ef9</key>
		<dict>
			<key>fileRef</key>
			<string>659997A416EEBBA500DE6B72</string>
			<key>isa</key>
			<string>PBXBuildFile</string>
		</dict>
		<key>08dda4e6b36bf925f3e18252</key>
		<dict>
			<key>fileRef</key>
			<string>65383101170523FD0012B470</string>
			<key>isa</key>
			<string>PBXBuildFile</string>
		</dict>
		<key>114d9b785b23d29b1659fddd</key>
		<dict>
			<key>fileRef</key>
			<string>6599979216EEBBA500DE6B72</string>
			<key>isa</key>
			<string>PBXBuildFile</string>
		</dict>
		<key>19f805cd70b752edbe54c5ea</key>
		<dict>
			<key>fileRef</key>
			<string>6599979B16EEBBA500DE6B72</string>
			<key>isa</key>
			<string>PBXBuildFile</string>
		</dict>
		<key>2adb2b82088bb229b3a33f7e</key>
		<dict>
			<key>fileRef</key>
			<string>659997B916EECAA500DE6B72</string>
			<key>isa</key>
			<string>PBXBuildFile</string>
		</dict>
		<key>2deeb8c1fddc5495de782783</key>
		<dict>
			<key>fileRef</key>
			<string>6599979416EEBBA500DE6B72</string>
			<key>isa</key>
			<string>PBXBuildFile</string>
		</dict>
		<key>3bf5b1b86d4009eb493e1260</key>
		<dict>
			<key>buildConfigurationList</key>
			<string>a802a31f8cf72590f185084d</string>
			<key>buildPhases</key>
			<array>
				<string>fb6e5052c7f0dd33ec4ddcde</string>
				<string>f49b33360ac06465f030f114</string>
				<string>623ed9718f8cafdd0c6a5e03</string>
			</array>
			<key>buildRules</key>
			<array/>
			<key>dependencies</key>
			<array/>
			<key>isa</key>
			<string>PBXNativeTarget</string>
			<key>name</key>
			<string>fasttip-cal</string>
			<key>productName</key>
			<string>fasttip-cal</string>
			<key>productReference</key>
			<string>ac5807c2aa643c63bcb9533a</string>
			<key>productType</key>
			<string>com.apple.product-type.application</string>
		</dict>
		<key>43c327f1f3a02ce341c61604</key>
		<dict>
			<key>fileEncoding</key>
			<string>4</string>
			<key>isa</key>
			<string>PBXFileReference</string>
			<key>lastKnownFileType</key>
			<string>wrapper.framework</string>
			<key>name</key>
			<string>CFNetwork.framework</string>
			<key>path</key>
			<string>System/Library/Frameworks/CFNetwork.framework</string>
			<key>sourceTree</key>
			<string>SDKROOT</string>
		</dict>
		<key>4dfa44bcf8b95b38e8929323</key>
		<dict>
			<key>fileRef</key>
			<string>653831061705262C0012B470</string>
			<key>isa</key>
			<string>PBXBuildFile</string>
		</dict>
		<key>52b1fbea554e8e5f34407ee5</key>
		<dict>
			<key>fileRef</key>
			<string>65383102170523FD0012B470</string>
			<key>isa</key>
			<string>PBXBuildFile</string>
		</dict>
		<key>5b3ed11df83444e13f1e1195</key>
		<dict>
			<key>fileRef</key>
			<string>6599979616EEBBA500DE6B72</string>
			<key>isa</key>
			<string>PBXBuildFile</string>
		</dict>
		<key>623ed9718f8cafdd0c6a5e03</key>
		<dict>
			<key>buildActionMask</key>
			<string>2147483647</string>
			<key>files</key>
			<array>
				<string>19f805cd70b752edbe54c5ea</string>
				<string>04f5aa7d1ad16446004c5ef9</string>
				<string>d8076f90dbfc4125e9ca466f</string>
				<string>6c76f00a03032b83e270dcd2</string>
				<string>c92d1e58c5506463f07322ae</string>
				<string>f734a523c8db1e665e8fcff3</string>
				<string>08dda4e6b36bf925f3e18252</string>
				<string>52b1fbea554e8e5f34407ee5</string>
				<string>67c696d24f99766a05e46560</string>
				<string>4dfa44bcf8b95b38e8929323</string>
			</array>
			<key>isa</key>
			<string>PBXResourcesBuildPhase</string>
			<key>runOnlyForDeploymentPostprocessing</key>
			<string>0</string>
		</dict>
		<key>65383101170523FD0012B470</key>
		<dict>
			<key>isa</key>
			<string>PBXFileReference</string>
			<key>lastKnownFileType</key>
			<string>image.png</string>
			<key>path</key>
			<string>icon.png</string>
			<key>sourceTree</key>
			<string>&lt;group&gt;</string>
		</dict>
		<key>65383102170523FD0012B470</key>
		<dict>
			<key>isa</key>
			<string>PBXFileReference</string>
			<key>lastKnownFileType</key>
			<string>image.png</string>
			<key>path</key>
			<string>icon@2x.png</string>
			<key>sourceTree</key>
			<string>&lt;group&gt;</string>
		</dict>
		<key>65383103170523FD0012B470</key>
		<dict>
			<key>fileRef</key>
			<string>65383101170523FD0012B470</string>
			<key>isa</key>
			<string>PBXBuildFile</string>
		</dict>
		<key>65383104170523FD0012B470</key>
		<dict>
			<key>fileRef</key>
			<string>65383102170523FD0012B470</string>
			<key>isa</key>
			<string>PBXBuildFile</string>
		</dict>
		<key>653831051705262C0012B470</key>
		<dict>
			<key>isa</key>
			<string>PBXFileReference</string>
			<key>lastKnownFileType</key>
			<string>image.png</string>
			<key>path</key>
			<string>icon-72.png</string>
			<key>sourceTree</key>
			<string>&lt;group&gt;</string>
		</dict>
		<key>653831061705262C0012B470</key>
		<dict>
			<key>isa</key>
			<string>PBXFileReference</string>
			<key>lastKnownFileType</key>
			<string>image.png</string>
			<key>path</key>
			<string>icon-72@2x.png</string>
			<key>sourceTree</key>
			<string>&lt;group&gt;</string>
		</dict>
		<key>653831071705262C0012B470</key>
		<dict>
			<key>fileRef</key>
			<string>653831051705262C0012B470</string>
			<key>isa</key>
			<string>PBXBuildFile</string>
		</dict>
		<key>653831081705262C0012B470</key>
		<dict>
			<key>fileRef</key>
			<string>653831061705262C0012B470</string>
			<key>isa</key>
			<string>PBXBuildFile</string>
		</dict>
		<key>6599978316EEBBA500DE6B72</key>
		<dict>
			<key>children</key>
			<array>
				<string>6599979816EEBBA500DE6B72</string>
				<string>6599979116EEBBA500DE6B72</string>
				<string>6599978F16EEBBA500DE6B72</string>
			</array>
			<key>isa</key>
			<string>PBXGroup</string>
			<key>sourceTree</key>
			<string>&lt;group&gt;</string>
		</dict>
		<key>6599978516EEBBA500DE6B72</key>
		<dict>
			<key>attributes</key>
			<dict>
				<key>CLASSPREFIX</key>
				<string>ft</string>
				<key>LastUpgradeCheck</key>
				<string>0450</string>
				<key>ORGANIZATIONNAME</key>
				<string>Peter Traeg</string>
			</dict>
			<key>buildConfigurationList</key>
			<string>6599978816EEBBA500DE6B72</string>
			<key>compatibilityVersion</key>
			<string>Xcode 3.2</string>
			<key>developmentRegion</key>
			<string>English</string>
			<key>hasScannedForEncodings</key>
			<string>0</string>
			<key>isa</key>
			<string>PBXProject</string>
			<key>knownRegions</key>
			<array>
				<string>en</string>
			</array>
			<key>mainGroup</key>
			<string>6599978316EEBBA500DE6B72</string>
			<key>productRefGroup</key>
			<string>6599978F16EEBBA500DE6B72</string>
			<key>projectDirPath</key>
			<string></string>
			<key>projectRoot</key>
			<string></string>
			<key>targets</key>
			<array>
				<string>6599978D16EEBBA500DE6B72</string>
				<string>3bf5b1b86d4009eb493e1260</string>
			</array>
		</dict>
		<key>6599978816EEBBA500DE6B72</key>
		<dict>
			<key>buildConfigurations</key>
			<array>
				<string>659997B316EEBBA500DE6B72</string>
				<string>659997B416EEBBA500DE6B72</string>
			</array>
			<key>defaultConfigurationIsVisible</key>
			<string>0</string>
			<key>defaultConfigurationName</key>
			<string>Release</string>
			<key>isa</key>
			<string>XCConfigurationList</string>
		</dict>
		<key>6599978A16EEBBA500DE6B72</key>
		<dict>
			<key>buildActionMask</key>
			<string>2147483647</string>
			<key>files</key>
			<array>
				<string>6599979F16EEBBA500DE6B72</string>
				<string>659997A316EEBBA500DE6B72</string>
				<string>659997B216EEBBA500DE6B72</string>
				<string>659997BA16EECAA500DE6B72</string>
			</array>
			<key>isa</key>
			<string>PBXSourcesBuildPhase</string>
			<key>runOnlyForDeploymentPostprocessing</key>
			<string>0</string>
		</dict>
		<key>6599978B16EEBBA500DE6B72</key>
		<dict>
			<key>buildActionMask</key>
			<string>2147483647</string>
			<key>files</key>
			<array>
				<string>6599979316EEBBA500DE6B72</string>
				<string>6599979516EEBBA500DE6B72</string>
				<string>6599979716EEBBA500DE6B72</string>
			</array>
			<key>isa</key>
			<string>PBXFrameworksBuildPhase</string>
			<key>runOnlyForDeploymentPostprocessing</key>
			<string>0</string>
		</dict>
		<key>6599978C16EEBBA500DE6B72</key>
		<dict>
			<key>buildActionMask</key>
			<string>2147483647</string>
			<key>files</key>
			<array>
				<string>6599979D16EEBBA500DE6B72</string>
				<string>659997A516EEBBA500DE6B72</string>
				<string>659997A716EEBBA500DE6B72</string>
				<string>659997A916EEBBA500DE6B72</string>
				<string>659997AC16EEBBA500DE6B72</string>
				<string>659997AF16EEBBA500DE6B72</string>
				<string>65383103170523FD0012B470</string>
				<string>65383104170523FD0012B470</string>
				<string>653831071705262C0012B470</string>
				<string>653831081705262C0012B470</string>
			</array>
			<key>isa</key>
			<string>PBXResourcesBuildPhase</string>
			<key>runOnlyForDeploymentPostprocessing</key>
			<string>0</string>
		</dict>
		<key>6599978D16EEBBA500DE6B72</key>
		<dict>
			<key>buildConfigurationList</key>
			<string>659997B516EEBBA500DE6B72</string>
			<key>buildPhases</key>
			<array>
				<string>6599978A16EEBBA500DE6B72</string>
				<string>6599978B16EEBBA500DE6B72</string>
				<string>6599978C16EEBBA500DE6B72</string>
			</array>
			<key>buildRules</key>
			<array/>
			<key>dependencies</key>
			<array/>
			<key>isa</key>
			<string>PBXNativeTarget</string>
			<key>name</key>
			<string>fasttip</string>
			<key>productName</key>
			<string>fasttip</string>
			<key>productReference</key>
			<string>6599978E16EEBBA500DE6B72</string>
			<key>productType</key>
			<string>com.apple.product-type.application</string>
		</dict>
		<key>6599978E16EEBBA500DE6B72</key>
		<dict>
			<key>explicitFileType</key>
			<string>wrapper.application</string>
			<key>includeInIndex</key>
			<string>0</string>
			<key>isa</key>
			<string>PBXFileReference</string>
			<key>path</key>
			<string>FasTip.app</string>
			<key>sourceTree</key>
			<string>BUILT_PRODUCTS_DIR</string>
		</dict>
		<key>6599978F16EEBBA500DE6B72</key>
		<dict>
			<key>children</key>
			<array>
				<string>6599978E16EEBBA500DE6B72</string>
			</array>
			<key>isa</key>
			<string>PBXGroup</string>
			<key>name</key>
			<string>Products</string>
			<key>sourceTree</key>
			<string>&lt;group&gt;</string>
		</dict>
		<key>6599979116EEBBA500DE6B72</key>
		<dict>
			<key>children</key>
			<array>
				<string>6599979216EEBBA500DE6B72</string>
				<string>6599979416EEBBA500DE6B72</string>
				<string>6599979616EEBBA500DE6B72</string>
				<string>43c327f1f3a02ce341c61604</string>
				<string>afd77f7022a4a380f5edd066</string>
			</array>
			<key>isa</key>
			<string>PBXGroup</string>
			<key>name</key>
			<string>Frameworks</string>
			<key>path</key>
			<string></string>
			<key>sourceTree</key>
			<string>&lt;group&gt;</string>
		</dict>
		<key>6599979216EEBBA500DE6B72</key>
		<dict>
			<key>isa</key>
			<string>PBXFileReference</string>
			<key>lastKnownFileType</key>
			<string>wrapper.framework</string>
			<key>name</key>
			<string>UIKit.framework</string>
			<key>path</key>
			<string>System/Library/Frameworks/UIKit.framework</string>
			<key>sourceTree</key>
			<string>SDKROOT</string>
		</dict>
		<key>6599979316EEBBA500DE6B72</key>
		<dict>
			<key>fileRef</key>
			<string>6599979216EEBBA500DE6B72</string>
			<key>isa</key>
			<string>PBXBuildFile</string>
		</dict>
		<key>6599979416EEBBA500DE6B72</key>
		<dict>
			<key>isa</key>
			<string>PBXFileReference</string>
			<key>lastKnownFileType</key>
			<string>wrapper.framework</string>
			<key>name</key>
			<string>Foundation.framework</string>
			<key>path</key>
			<string>System/Library/Frameworks/Foundation.framework</string>
			<key>sourceTree</key>
			<string>SDKROOT</string>
		</dict>
		<key>6599979516EEBBA500DE6B72</key>
		<dict>
			<key>fileRef</key>
			<string>6599979416EEBBA500DE6B72</string>
			<key>isa</key>
			<string>PBXBuildFile</string>
		</dict>
		<key>6599979616EEBBA500DE6B72</key>
		<dict>
			<key>isa</key>
			<string>PBXFileReference</string>
			<key>lastKnownFileType</key>
			<string>wrapper.framework</string>
			<key>name</key>
			<string>CoreGraphics.framework</string>
			<key>path</key>
			<string>System/Library/Frameworks/CoreGraphics.framework</string>
			<key>sourceTree</key>
			<string>SDKROOT</string>
		</dict>
		<key>6599979716EEBBA500DE6B72</key>
		<dict>
			<key>fileRef</key>
			<string>6599979616EEBBA500DE6B72</string>
			<key>isa</key>
			<string>PBXBuildFile</string>
		</dict>
		<key>6599979816EEBBA500DE6B72</key>
		<dict>
			<key>children</key>
			<array>
				<string>659997A116EEBBA500DE6B72</string>
				<string>659997A216EEBBA500DE6B72</string>
				<string>659997B016EEBBA500DE6B72</string>
				<string>659997B116EEBBA500DE6B72</string>
				<string>659997B816EECAA500DE6B72</string>
				<string>659997B916EECAA500DE6B72</string>
				<string>659997AA16EEBBA500DE6B72</string>
				<string>659997AD16EEBBA500DE6B72</string>
				<string>6599979916EEBBA500DE6B72</string>
			</array>
			<key>isa</key>
			<string>PBXGroup</string>
			<key>path</key>
			<string>fasttip</string>
			<key>sourceTree</key>
			<string>&lt;group&gt;</string>
		</dict>
		<key>6599979916EEBBA500DE6B72</key>
		<dict>
			<key>children</key>
			<array>
				<string>653831051705262C0012B470</string>
				<string>653831061705262C0012B470</string>
				<string>65383101170523FD0012B470</string>
				<string>65383102170523FD0012B470</string>
				<string>6599979A16EEBBA500DE6B72</string>
				<string>6599979B16EEBBA500DE6B72</string>
				<string>6599979E16EEBBA500DE6B72</string>
				<string>659997A016EEBBA500DE6B72</string>
				<string>659997A416EEBBA500DE6B72</string>
				<string>659997A616EEBBA500DE6B72</string>
				<string>659997A816EEBBA500DE6B72</string>
			</array>
			<key>isa</key>
			<string>PBXGroup</string>
			<key>name</key>
			<string>Supporting Files</string>
			<key>sourceTree</key>
			<string>&lt;group&gt;</string>
		</dict>
		<key>6599979A16EEBBA500DE6B72</key>
		<dict>
			<key>isa</key>
			<string>PBXFileReference</string>
			<key>lastKnownFileType</key>
			<string>text.plist.xml</string>
			<key>path</key>
			<string>fasttip-Info.plist</string>
			<key>sourceTree</key>
			<string>&lt;group&gt;</string>
		</dict>
		<key>6599979B16EEBBA500DE6B72</key>
		<dict>
			<key>children</key>
			<array>
				<string>6599979C16EEBBA500DE6B72</string>
			</array>
			<key>isa</key>
			<string>PBXVariantGroup</string>
			<key>name</key>
			<string>InfoPlist.strings</string>
			<key>sourceTree</key>
			<string>&lt;group&gt;</string>
		</dict>
		<key>6599979C16EEBBA500DE6B72</key>
		<dict>
			<key>isa</key>
			<string>PBXFileReference</string>
			<key>lastKnownFileType</key>
			<string>text.plist.strings</string>
			<key>name</key>
			<string>en</string>
			<key>path</key>
			<string>en.lproj/InfoPlist.strings</string>
			<key>sourceTree</key>
			<string>&lt;group&gt;</string>
		</dict>
		<key>6599979D16EEBBA500DE6B72</key>
		<dict>
			<key>fileRef</key>
			<string>6599979B16EEBBA500DE6B72</string>
			<key>isa</key>
			<string>PBXBuildFile</string>
		</dict>
		<key>6599979E16EEBBA500DE6B72</key>
		<dict>
			<key>isa</key>
			<string>PBXFileReference</string>
			<key>lastKnownFileType</key>
			<string>sourcecode.c.objc</string>
			<key>path</key>
			<string>main.m</string>
			<key>sourceTree</key>
			<string>&lt;group&gt;</string>
		</dict>
		<key>6599979F16EEBBA500DE6B72</key>
		<dict>
			<key>fileRef</key>
			<string>6599979E16EEBBA500DE6B72</string>
			<key>isa</key>
			<string>PBXBuildFile</string>
		</dict>
		<key>659997A016EEBBA500DE6B72</key>
		<dict>
			<key>isa</key>
			<string>PBXFileReference</string>
			<key>lastKnownFileType</key>
			<string>sourcecode.c.h</string>
			<key>path</key>
			<string>fasttip-Prefix.pch</string>
			<key>sourceTree</key>
			<string>&lt;group&gt;</string>
		</dict>
		<key>659997A116EEBBA500DE6B72</key>
		<dict>
			<key>isa</key>
			<string>PBXFileReference</string>
			<key>lastKnownFileType</key>
			<string>sourcecode.c.h</string>
			<key>path</key>
			<string>FTAppDelegate.h</string>
			<key>sourceTree</key>
			<string>&lt;group&gt;</string>
		</dict>
		<key>659997A216EEBBA500DE6B72</key>
		<dict>
			<key>isa</key>
			<string>PBXFileReference</string>
			<key>lastKnownFileType</key>
			<string>sourcecode.c.objc</string>
			<key>path</key>
			<string>FTAppDelegate.m</string>
			<key>sourceTree</key>
			<string>&lt;group&gt;</string>
		</dict>
		<key>659997A316EEBBA500DE6B72</key>
		<dict>
			<key>fileRef</key>
			<string>659997A216EEBBA500DE6B72</string>
			<key>isa</key>
			<string>PBXBuildFile</string>
		</dict>
		<key>659997A416EEBBA500DE6B72</key>
		<dict>
			<key>isa</key>
			<string>PBXFileReference</string>
			<key>lastKnownFileType</key>
			<string>image.png</string>
			<key>path</key>
			<string>Default.png</string>
			<key>sourceTree</key>
			<string>&lt;group&gt;</string>
		</dict>
		<key>659997A516EEBBA500DE6B72</key>
		<dict>
			<key>fileRef</key>
			<string>659997A416EEBBA500DE6B72</string>
			<key>isa</key>
			<string>PBXBuildFile</string>
		</dict>
		<key>659997A616EEBBA500DE6B72</key>
		<dict>
			<key>isa</key>
			<string>PBXFileReference</string>
			<key>lastKnownFileType</key>
			<string>image.png</string>
			<key>path</key>
			<string>Default@2x.png</string>
			<key>sourceTree</key>
			<string>&lt;group&gt;</string>
		</dict>
		<key>659997A716EEBBA500DE6B72</key>
		<dict>
			<key>fileRef</key>
			<string>659997A616EEBBA500DE6B72</string>
			<key>isa</key>
			<string>PBXBuildFile</string>
		</dict>
		<key>659997A816EEBBA500DE6B72</key>
		<dict>
			<key>isa</key>
			<string>PBXFileReference</string>
			<key>lastKnownFileType</key>
			<string>image.png</string>
			<key>path</key>
			<string>Default-568h@2x.png</string>
			<key>sourceTree</key>
			<string>&lt;group&gt;</string>
		</dict>
		<key>659997A916EEBBA500DE6B72</key>
		<dict>
			<key>fileRef</key>
			<string>659997A816EEBBA500DE6B72</string>
			<key>isa</key>
			<string>PBXBuildFile</string>
		</dict>
		<key>659997AA16EEBBA500DE6B72</key>
		<dict>
			<key>children</key>
			<array>
				<string>659997AB16EEBBA500DE6B72</string>
			</array>
			<key>isa</key>
			<string>PBXVariantGroup</string>
			<key>name</key>
			<string>MainStoryboard_iPhone.storyboard</string>
			<key>sourceTree</key>
			<string>&lt;group&gt;</string>
		</dict>
		<key>659997AB16EEBBA500DE6B72</key>
		<dict>
			<key>isa</key>
			<string>PBXFileReference</string>
			<key>lastKnownFileType</key>
			<string>file.storyboard</string>
			<key>name</key>
			<string>en</string>
			<key>path</key>
			<string>en.lproj/MainStoryboard_iPhone.storyboard</string>
			<key>sourceTree</key>
			<string>&lt;group&gt;</string>
		</dict>
		<key>659997AC16EEBBA500DE6B72</key>
		<dict>
			<key>fileRef</key>
			<string>659997AA16EEBBA500DE6B72</string>
			<key>isa</key>
			<string>PBXBuildFile</string>
		</dict>
		<key>659997AD16EEBBA500DE6B72</key>
		<dict>
			<key>children</key>
			<array>
				<string>659997AE16EEBBA500DE6B72</string>
			</array>
			<key>isa</key>
			<string>PBXVariantGroup</string>
			<key>name</key>
			<string>MainStoryboard_iPad.storyboard</string>
			<key>sourceTree</key>
			<string>&lt;group&gt;</string>
		</dict>
		<key>659997AE16EEBBA500DE6B72</key>
		<dict>
			<key>isa</key>
			<string>PBXFileReference</string>
			<key>lastKnownFileType</key>
			<string>file.storyboard</string>
			<key>name</key>
			<string>en</string>
			<key>path</key>
			<string>en.lproj/MainStoryboard_iPad.storyboard</string>
			<key>sourceTree</key>
			<string>&lt;group&gt;</string>
		</dict>
		<key>659997AF16EEBBA500DE6B72</key>
		<dict>
			<key>fileRef</key>
			<string>659997AD16EEBBA500DE6B72</string>
			<key>isa</key>
			<string>PBXBuildFile</string>
		</dict>
		<key>659997B016EEBBA500DE6B72</key>
		<dict>
			<key>isa</key>
			<string>PBXFileReference</string>
			<key>lastKnownFileType</key>
			<string>sourcecode.c.h</string>
			<key>path</key>
			<string>FTViewController.h</string>
			<key>sourceTree</key>
			<string>&lt;group&gt;</string>
		</dict>
		<key>659997B116EEBBA500DE6B72</key>
		<dict>
			<key>isa</key>
			<string>PBXFileReference</string>
			<key>lastKnownFileType</key>
			<string>sourcecode.c.objc</string>
			<key>path</key>
			<string>FTViewController.m</string>
			<key>sourceTree</key>
			<string>&lt;group&gt;</string>
		</dict>
		<key>659997B216EEBBA500DE6B72</key>
		<dict>
			<key>fileRef</key>
			<string>659997B116EEBBA500DE6B72</string>
			<key>isa</key>
			<string>PBXBuildFile</string>
		</dict>
		<key>659997B316EEBBA500DE6B72</key>
		<dict>
			<key>buildSettings</key>
			<dict>
				<key>ALWAYS_SEARCH_USER_PATHS</key>
				<string>NO</string>
				<key>CLANG_CXX_LANGUAGE_STANDARD</key>
				<string>gnu++0x</string>
				<key>CLANG_CXX_LIBRARY</key>
				<string>libc++</string>
				<key>CLANG_ENABLE_OBJC_ARC</key>
				<string>YES</string>
				<key>CLANG_WARN_EMPTY_BODY</key>
				<string>YES</string>
				<key>CLANG_WARN__DUPLICATE_METHOD_MATCH</key>
				<string>YES</string>
				<key>CODE_SIGN_IDENTITY[sdk=iphoneos*]</key>
				<string>iPhone Developer</string>
				<key>COPY_PHASE_STRIP</key>
				<string>NO</string>
				<key>GCC_C_LANGUAGE_STANDARD</key>
				<string>gnu99</string>
				<key>GCC_DYNAMIC_NO_PIC</key>
				<string>NO</string>
				<key>GCC_OPTIMIZATION_LEVEL</key>
				<string>0</string>
				<key>GCC_PREPROCESSOR_DEFINITIONS</key>
				<array>
					<string>DEBUG=1</string>
					<string>$(inherited)</string>
				</array>
				<key>GCC_SYMBOLS_PRIVATE_EXTERN</key>
				<string>NO</string>
				<key>GCC_WARN_ABOUT_RETURN_TYPE</key>
				<string>YES</string>
				<key>GCC_WARN_UNINITIALIZED_AUTOS</key>
				<string>YES</string>
				<key>GCC_WARN_UNUSED_VARIABLE</key>
				<string>YES</string>
				<key>IPHONEOS_DEPLOYMENT_TARGET</key>
				<string>6.0</string>
				<key>ONLY_ACTIVE_ARCH</key>
				<string>YES</string>
				<key>PRODUCT_NAME</key>
				<string>FasTip</string>
				<key>SDKROOT</key>
				<string>iphoneos</string>
				<key>TARGETED_DEVICE_FAMILY</key>
				<string>1,2</string>
			</dict>
			<key>isa</key>
			<string>XCBuildConfiguration</string>
			<key>name</key>
			<string>Debug</string>
		</dict>
		<key>659997B416EEBBA500DE6B72</key>
		<dict>
			<key>buildSettings</key>
			<dict>
				<key>ALWAYS_SEARCH_USER_PATHS</key>
				<string>NO</string>
				<key>CLANG_CXX_LANGUAGE_STANDARD</key>
				<string>gnu++0x</string>
				<key>CLANG_CXX_LIBRARY</key>
				<string>libc++</string>
				<key>CLANG_ENABLE_OBJC_ARC</key>
				<string>YES</string>
				<key>CLANG_WARN_EMPTY_BODY</key>
				<string>YES</string>
				<key>CLANG_WARN__DUPLICATE_METHOD_MATCH</key>
				<string>YES</string>
				<key>CODE_SIGN_IDENTITY[sdk=iphoneos*]</key>
				<string>iPhone Developer</string>
				<key>COPY_PHASE_STRIP</key>
				<string>YES</string>
				<key>GCC_C_LANGUAGE_STANDARD</key>
				<string>gnu99</string>
				<key>GCC_WARN_ABOUT_RETURN_TYPE</key>
				<string>YES</string>
				<key>GCC_WARN_UNINITIALIZED_AUTOS</key>
				<string>YES</string>
				<key>GCC_WARN_UNUSED_VARIABLE</key>
				<string>YES</string>
				<key>IPHONEOS_DEPLOYMENT_TARGET</key>
				<string>6.0</string>
				<key>OTHER_CFLAGS</key>
				<string>-DNS_BLOCK_ASSERTIONS=1</string>
				<key>PRODUCT_NAME</key>
				<string>FasTip</string>
				<key>SDKROOT</key>
				<string>iphoneos</string>
				<key>TARGETED_DEVICE_FAMILY</key>
				<string>1,2</string>
				<key>VALIDATE_PRODUCT</key>
				<string>YES</string>
			</dict>
			<key>isa</key>
			<string>XCBuildConfiguration</string>
			<key>name</key>
			<string>Release</string>
		</dict>
		<key>659997B516EEBBA500DE6B72</key>
		<dict>
			<key>buildConfigurations</key>
			<array>
				<string>659997B616EEBBA500DE6B72</string>
				<string>659997B716EEBBA500DE6B72</string>
			</array>
			<key>defaultConfigurationIsVisible</key>
			<string>0</string>
			<key>defaultConfigurationName</key>
			<string>Release</string>
			<key>isa</key>
			<string>XCConfigurationList</string>
		</dict>
		<key>659997B616EEBBA500DE6B72</key>
		<dict>
			<key>buildSettings</key>
			<dict>
				<key>GCC_PRECOMPILE_PREFIX_HEADER</key>
				<string>YES</string>
				<key>GCC_PREFIX_HEADER</key>
				<string>fasttip/fasttip-Prefix.pch</string>
				<key>INFOPLIST_FILE</key>
				<string>fasttip/fasttip-Info.plist</string>
				<key>PRODUCT_NAME</key>
				<string>FasTip</string>
				<key>WRAPPER_EXTENSION</key>
				<string>app</string>
			</dict>
			<key>isa</key>
			<string>XCBuildConfiguration</string>
			<key>name</key>
			<string>Debug</string>
		</dict>
		<key>659997B716EEBBA500DE6B72</key>
		<dict>
			<key>buildSettings</key>
			<dict>
				<key>GCC_PRECOMPILE_PREFIX_HEADER</key>
				<string>YES</string>
				<key>GCC_PREFIX_HEADER</key>
				<string>fasttip/fasttip-Prefix.pch</string>
				<key>INFOPLIST_FILE</key>
				<string>fasttip/fasttip-Info.plist</string>
				<key>PRODUCT_NAME</key>
				<string>FasTip</string>
				<key>WRAPPER_EXTENSION</key>
				<string>app</string>
			</dict>
			<key>isa</key>
			<string>XCBuildConfiguration</string>
			<key>name</key>
			<string>Release</string>
		</dict>
		<key>659997B816EECAA500DE6B72</key>
		<dict>
			<key>fileEncoding</key>
			<string>4</string>
			<key>isa</key>
			<string>PBXFileReference</string>
			<key>lastKnownFileType</key>
			<string>sourcecode.c.h</string>
			<key>path</key>
			<string>FTSettingsViewController.h</string>
			<key>sourceTree</key>
			<string>&lt;group&gt;</string>
		</dict>
		<key>659997B916EECAA500DE6B72</key>
		<dict>
			<key>fileEncoding</key>
			<string>4</string>
			<key>isa</key>
			<string>PBXFileReference</string>
			<key>lastKnownFileType</key>
			<string>sourcecode.c.objc</string>
			<key>path</key>
			<string>FTSettingsViewController.m</string>
			<key>sourceTree</key>
			<string>&lt;group&gt;</string>
		</dict>
		<key>659997BA16EECAA500DE6B72</key>
		<dict>
			<key>fileRef</key>
			<string>659997B916EECAA500DE6B72</string>
			<key>isa</key>
			<string>PBXBuildFile</string>
		</dict>
		<key>67c696d24f99766a05e46560</key>
		<dict>
			<key>fileRef</key>
			<string>653831051705262C0012B470</string>
			<key>isa</key>
			<string>PBXBuildFile</string>
		</dict>
		<key>6c76f00a03032b83e270dcd2</key>
		<dict>
			<key>fileRef</key>
			<string>659997A816EEBBA500DE6B72</string>
			<key>isa</key>
			<string>PBXBuildFile</string>
		</dict>
		<key>6ec870524668ca37167324a7</key>
		<dict>
			<key>fileRef</key>
			<string>659997A216EEBBA500DE6B72</string>
			<key>isa</key>
			<string>PBXBuildFile</string>
		</dict>
		<key>6fbcef55cf56b4130ebfbea7</key>
		<dict>
			<key>buildSettings</key>
			<dict>
				<key>FRAMEWORK_SEARCH_PATHS</key>
				<array>
					<string>$(inherited)</string>
					<string>"$(SRCROOT)"</string>
				</array>
				<key>GCC_PRECOMPILE_PREFIX_HEADER</key>
				<string>YES</string>
				<key>GCC_PREFIX_HEADER</key>
				<string>fasttip/fasttip-Prefix.pch</string>
				<key>INFOPLIST_FILE</key>
				<string>fasttip/fasttip-Info.plist</string>
				<key>OTHER_LDFLAGS</key>
				<array>
					<string>$(inherited)</string>
					<string>-force_load</string>
					<string>"$(SRCROOT)/calabash.framework/calabash"</string>
					<string>-lstdc++</string>
				</array>
				<key>PRODUCT_NAME</key>
				<string>FasTip</string>
				<key>WRAPPER_EXTENSION</key>
				<string>app</string>
			</dict>
			<key>isa</key>
			<string>XCBuildConfiguration</string>
			<key>name</key>
			<string>Debug</string>
		</dict>
		<key>7480b78cf3e0257722a10588</key>
		<dict>
			<key>buildSettings</key>
			<dict>
				<key>FRAMEWORK_SEARCH_PATHS</key>
				<array>
					<string>$(inherited)</string>
					<string>"$(SRCROOT)"</string>
				</array>
				<key>GCC_PRECOMPILE_PREFIX_HEADER</key>
				<string>YES</string>
				<key>GCC_PREFIX_HEADER</key>
				<string>fasttip/fasttip-Prefix.pch</string>
				<key>INFOPLIST_FILE</key>
				<string>fasttip/fasttip-Info.plist</string>
				<key>OTHER_LDFLAGS</key>
				<array>
					<string>$(inherited)</string>
					<string>-force_load</string>
					<string>"$(SRCROOT)/calabash.framework/calabash"</string>
					<string>-lstdc++</string>
				</array>
				<key>PRODUCT_NAME</key>
				<string>FasTip</string>
				<key>WRAPPER_EXTENSION</key>
				<string>app</string>
			</dict>
			<key>isa</key>
			<string>XCBuildConfiguration</string>
			<key>name</key>
			<string>Release</string>
		</dict>
		<key>a802a31f8cf72590f185084d</key>
		<dict>
			<key>buildConfigurations</key>
			<array>
				<string>6fbcef55cf56b4130ebfbea7</string>
				<string>7480b78cf3e0257722a10588</string>
			</array>
			<key>defaultConfigurationIsVisible</key>
			<string>0</string>
			<key>defaultConfigurationName</key>
			<string>Release</string>
			<key>isa</key>
			<string>XCConfigurationList</string>
		</dict>
		<key>ac5807c2aa643c63bcb9533a</key>
		<dict>
			<key>explicitFileType</key>
			<string>wrapper.application</string>
			<key>includeInIndex</key>
			<string>0</string>
			<key>isa</key>
			<string>PBXFileReference</string>
			<key>path</key>
			<string>FasTip-cal.app</string>
			<key>sourceTree</key>
			<string>BUILT_PRODUCTS_DIR</string>
		</dict>
		<key>afd77f7022a4a380f5edd066</key>
		<dict>
			<key>fileEncoding</key>
			<string>4</string>
			<key>isa</key>
			<string>PBXFileReference</string>
			<key>lastKnownFileType</key>
			<string>wrapper.framework</string>
			<key>name</key>
			<string>calabash.framework</string>
			<key>path</key>
			<string>calabash.framework</string>
			<key>sourceTree</key>
			<string>&lt;group&gt;</string>
		</dict>
		<key>c92d1e58c5506463f07322ae</key>
		<dict>
			<key>fileRef</key>
			<string>659997AA16EEBBA500DE6B72</string>
			<key>isa</key>
			<string>PBXBuildFile</string>
		</dict>
		<key>d3661dacf66b2a46730b9c26</key>
		<dict>
			<key>fileRef</key>
			<string>6599979E16EEBBA500DE6B72</string>
			<key>isa</key>
			<string>PBXBuildFile</string>
		</dict>
		<key>d8076f90dbfc4125e9ca466f</key>
		<dict>
			<key>fileRef</key>
			<string>659997A616EEBBA500DE6B72</string>
			<key>isa</key>
			<string>PBXBuildFile</string>
		</dict>
		<key>ecbaff53146e2b87e58a4e80</key>
		<dict>
			<key>fileRef</key>
			<string>659997B116EEBBA500DE6B72</string>
			<key>isa</key>
			<string>PBXBuildFile</string>
		</dict>
		<key>f49b33360ac06465f030f114</key>
		<dict>
			<key>buildActionMask</key>
			<string>2147483647</string>
			<key>files</key>
			<array>
				<string>114d9b785b23d29b1659fddd</string>
				<string>2deeb8c1fddc5495de782783</string>
				<string>5b3ed11df83444e13f1e1195</string>
				<string>f8ecb39cf464c2f2e29e382f</string>
				<string>028ad09a3021487e0e65b013</string>
			</array>
			<key>isa</key>
			<string>PBXFrameworksBuildPhase</string>
			<key>runOnlyForDeploymentPostprocessing</key>
			<string>0</string>
		</dict>
		<key>f734a523c8db1e665e8fcff3</key>
		<dict>
			<key>fileRef</key>
			<string>659997AD16EEBBA500DE6B72</string>
			<key>isa</key>
			<string>PBXBuildFile</string>
		</dict>
		<key>f8ecb39cf464c2f2e29e382f</key>
		<dict>
			<key>fileRef</key>
			<string>43c327f1f3a02ce341c61604</string>
			<key>isa</key>
			<string>PBXBuildFile</string>
		</dict>
		<key>fb6e5052c7f0dd33ec4ddcde</key>
		<dict>
			<key>buildActionMask</key>
			<string>2147483647</string>
			<key>files</key>
			<array>
				<string>d3661dacf66b2a46730b9c26</string>
				<string>6ec870524668ca37167324a7</string>
				<string>ecbaff53146e2b87e58a4e80</string>
				<string>2adb2b82088bb229b3a33f7e</string>
			</array>
			<key>isa</key>
			<string>PBXSourcesBuildPhase</string>
			<key>runOnlyForDeploymentPostprocessing</key>
			<string>0</string>
		</dict>
	</dict>
	<key>rootObject</key>
	<string>6599978516EEBBA500DE6B72</string>
</dict>
</plist>
